
Microsoft Visual Studio Solution File, Format Version 12.00
# Visual Studio Version 16
VisualStudioVersion = 16.0.29806.167
MinimumVisualStudioVersion = 10.0.40219.1
Project("{888888A0-9F3D-457C-B088-3A5042F75D52}") = "serverTCP", "serverTCP\serverTCP.pyproj", "{62945146-B52A-4085-B5D1-5AD9CCC42C1A}"
EndProject
Global
	GlobalSection(SolutionConfigurationPlatforms) = preSolution
		Debug|Any CPU = Debug|Any CPU
		Release|Any CPU = Release|Any CPU
	EndGlobalSection
	GlobalSection(ProjectConfigurationPlatforms) = postSolution
		{62945146-B52A-4085-B5D1-5AD9CCC42C1A}.Debug|Any CPU.ActiveCfg = Debug|Any CPU
		{62945146-B52A-4085-B5D1-5AD9CCC42C1A}.Release|Any CPU.ActiveCfg = Release|Any CPU
	EndGlobalSection
	GlobalSection(SolutionProperties) = preSolution
		HideSolutionNode = FALSE
	EndGlobalSection
	GlobalSection(ExtensibilityGlobals) = postSolution
		SolutionGuid = {09F9521F-A2AD-4415-906A-6E4426458BF8}
	EndGlobalSection
EndGlobal
